
Microsoft Visual Studio Solution File, Format Version 12.00
Project("{FAE04EC0-301F-11D3-BF4B-00C04F79EFBC}") = "spring2026-Project1-jroy4", "spring2026-Project1-jroy4\spring2026-Project1-jroy4.csproj", "{8D472DE1-744D-4AA0-B23F-56B58DED871F}"
EndProject
Global
	GlobalSection(SolutionConfigurationPlatforms) = preSolution
		Debug|Any CPU = Debug|Any CPU
		Release|Any CPU = Release|Any CPU
	EndGlobalSection
	GlobalSection(ProjectConfigurationPlatforms) = postSolution
		{8D472DE1-744D-4AA0-B23F-56B58DED871F}.Debug|Any CPU.ActiveCfg = Debug|Any CPU
		{8D472DE1-744D-4AA0-B23F-56B58DED871F}.Debug|Any CPU.Build.0 = Debug|Any CPU
		{8D472DE1-744D-4AA0-B23F-56B58DED871F}.Release|Any CPU.ActiveCfg = Release|Any CPU
		{8D472DE1-744D-4AA0-B23F-56B58DED871F}.Release|Any CPU.Build.0 = Release|Any CPU
	EndGlobalSection
EndGlobal
